// !$*UTF8*$!
{
	archiveVersion = 1;
	classes = {
	};
	objectVersion = 50;
	objects = {

/* Begin PBXBuildFile section */
		318566CE21466754008C0FB6 /* inputname.swift in Sources */ = {isa = PBXBuildFile; fileRef = 318566CD21466754008C0FB6 /* inputname.swift */; };
		31A00DBF21368FE700971B8E /* AppDelegate.swift in Sources */ = {isa = PBXBuildFile; fileRef = 31A00DBE21368FE700971B8E /* AppDelegate.swift */; };
		31A00DC121368FE700971B8E /* ViewController.swift in Sources */ = {isa = PBXBuildFile; fileRef = 31A00DC021368FE700971B8E /* ViewController.swift */; };
		31A00DC421368FE700971B8E /* Main.storyboard in Resources */ = {isa = PBXBuildFile; fileRef = 31A00DC221368FE700971B8E /* Main.storyboard */; };
		31A00DC621368FE800971B8E /* Assets.xcassets in Resources */ = {isa = PBXBuildFile; fileRef = 31A00DC521368FE800971B8E /* Assets.xcassets */; };
		31A00DC921368FE800971B8E /* LaunchScreen.storyboard in Resources */ = {isa = PBXBuildFile; fileRef = 31A00DC721368FE800971B8E /* LaunchScreen.storyboard */; };
		31A00DD421368FE800971B8E /* centralTests.swift in Sources */ = {isa = PBXBuildFile; fileRef = 31A00DD321368FE800971B8E /* centralTests.swift */; };
		31A00DDF21368FE800971B8E /* centralUITests.swift in Sources */ = {isa = PBXBuildFile; fileRef = 31A00DDE21368FE800971B8E /* centralUITests.swift */; };
/* End PBXBuildFile section */

/* Begin PBXContainerItemProxy section */
		31A00DD021368FE800971B8E /* PBXContainerItemProxy */ = {
			isa = PBXContainerItemProxy;
			containerPortal = 31A00DB321368FE700971B8E /* Project object */;
			proxyType = 1;
			remoteGlobalIDString = 31A00DBA21368FE700971B8E;
			remoteInfo = central;
		};
		31A00DDB21368FE800971B8E /* PBXContainerItemProxy */ = {
			isa = PBXContainerItemProxy;
			containerPortal = 31A00DB321368FE700971B8E /* Project object */;
			proxyType = 1;
			remoteGlobalIDString = 31A00DBA21368FE700971B8E;
			remoteInfo = central;
		};
/* End PBXContainerItemProxy section */

/* Begin PBXFileReference section */
		318566CD21466754008C0FB6 /* inputname.swift */ = {isa = PBXFileReference; lastKnownFileType = sourcecode.swift; path = inputname.swift; sourceTree = "<group>"; };
		31A00DBB21368FE700971B8E /* central.app */ = {isa = PBXFileReference; explicitFileType = wrapper.application; includeInIndex = 0; path = central.app; sourceTree = BUILT_PRODUCTS_DIR; };
		31A00DBE21368FE700971B8E /* AppDelegate.swift */ = {isa = PBXFileReference; lastKnownFileType = sourcecode.swift; path = AppDelegate.swift; sourceTree = "<group>"; };
		31A00DC021368FE700971B8E /* ViewController.swift */ = {isa = PBXFileReference; lastKnownFileType = sourcecode.swift; path = ViewController.swift; sourceTree = "<group>"; };
		31A00DC321368FE700971B8E /* Base */ = {isa = PBXFileReference; lastKnownFileType = file.storyboard; name = Base; path = Base.lproj/Main.storyboard; sourceTree = "<group>"; };
		31A00DC521368FE800971B8E /* Assets.xcassets */ = {isa = PBXFileReference; lastKnownFileType = folder.assetcatalog; path = Assets.xcassets; sourceTree = "<group>"; };
		31A00DC821368FE800971B8E /* Base */ = {isa = PBXFileReference; lastKnownFileType = file.storyboard; name = Base; path = Base.lproj/LaunchScreen.storyboard; sourceTree = "<group>"; };
		31A00DCA21368FE800971B8E /* Info.plist */ = {isa = PBXFileReference; lastKnownFileType = text.plist.xml; path = Info.plist; sourceTree = "<group>"; };
		31A00DCF21368FE800971B8E /* centralTests.xctest */ = {isa = PBXFileReference; explicitFileType = wrapper.cfbundle; includeInIndex = 0; path = centralTests.xctest; sourceTree = BUILT_PRODUCTS_DIR; };
		31A00DD321368FE800971B8E /* centralTests.swift */ = {isa = PBXFileReference; lastKnownFileType = sourcecode.swift; path = centralTests.swift; sourceTree = "<group>"; };
		31A00DD521368FE800971B8E /* Info.plist */ = {isa = PBXFileReference; lastKnownFileType = text.plist.xml; path = Info.plist; sourceTree = "<group>"; };
		31A00DDA21368FE800971B8E /* centralUITests.xctest */ = {isa = PBXFileReference; explicitFileType = wrapper.cfbundle; includeInIndex = 0; path = centralUITests.xctest; sourceTree = BUILT_PRODUCTS_DIR; };
		31A00DDE21368FE800971B8E /* centralUITests.swift */ = {isa = PBXFileReference; lastKnownFileType = sourcecode.swift; path = centralUITests.swift; sourceTree = "<group>"; };
		31A00DE021368FE800971B8E /* Info.plist */ = {isa = PBXFileReference; lastKnownFileType = text.plist.xml; path = Info.plist; sourceTree = "<group>"; };
/* End PBXFileReference section */

/* Begin PBXFrameworksBuildPhase section */
		31A00DB821368FE700971B8E /* Frameworks */ = {
			isa = PBXFrameworksBuildPhase;
			buildActionMask = 2147483647;
			files = (
			);
			runOnlyForDeploymentPostprocessing = 0;
		};
		31A00DCC21368FE800971B8E /* Frameworks */ = {
			isa = PBXFrameworksBuildPhase;
			buildActionMask = 2147483647;
			files = (
			);
			runOnlyForDeploymentPostprocessing = 0;
		};
		31A00DD721368FE800971B8E /* Frameworks */ = {
			isa = PBXFrameworksBuildPhase;
			buildActionMask = 2147483647;
			files = (
			);
			runOnlyForDeploymentPostprocessing = 0;
		};
/* End PBXFrameworksBuildPhase section */

/* Begin PBXGroup section */
		31A00DB221368FE700971B8E = {
			isa = PBXGroup;
			children = (
				31A00DBD21368FE700971B8E /* central */,
				31A00DD221368FE800971B8E /* centralTests */,
				31A00DDD21368FE800971B8E /* centralUITests */,
				31A00DBC21368FE700971B8E /* Products */,
			);
			sourceTree = "<group>";
		};
		31A00DBC21368FE700971B8E /* Products */ = {
			isa = PBXGroup;
			children = (
				31A00DBB21368FE700971B8E /* central.app */,
				31A00DCF21368FE800971B8E /* centralTests.xctest */,
				31A00DDA21368FE800971B8E /* centralUITests.xctest */,
			);
			name = Products;
			sourceTree = "<group>";
		};
		31A00DBD21368FE700971B8E /* central */ = {
			isa = PBXGroup;
			children = (
				31A00DBE21368FE700971B8E /* AppDelegate.swift */,
				31A00DC021368FE700971B8E /* ViewController.swift */,
				31A00DC221368FE700971B8E /* Main.storyboard */,
				31A00DC521368FE800971B8E /* Assets.xcassets */,
				31A00DC721368FE800971B8E /* LaunchScreen.storyboard */,
				31A00DCA21368FE800971B8E /* Info.plist */,
				318566CD21466754008C0FB6 /* inputname.swift */,
			);
			path = central;
			sourceTree = "<group>";
		};
		31A00DD221368FE800971B8E /* centralTests */ = {
			isa = PBXGroup;
			children = (
				31A00DD321368FE800971B8E /* centralTests.swift */,
				31A00DD521368FE800971B8E /* Info.plist */,
			);
			path = centralTests;
			sourceTree = "<group>";
		};
		31A00DDD21368FE800971B8E /* centralUITests */ = {
			isa = PBXGroup;
			children = (
				31A00DDE21368FE800971B8E /* centralUITests.swift */,
				31A00DE021368FE800971B8E /* Info.plist */,
			);
			path = centralUITests;
			sourceTree = "<group>";
		};
/* End PBXGroup section */

/* Begin PBXNativeTarget section */
		31A00DBA21368FE700971B8E /* central */ = {
			isa = PBXNativeTarget;
			buildConfigurationList = 31A00DE321368FE800971B8E /* Build configuration list for PBXNativeTarget "central" */;
			buildPhases = (
				31A00DB721368FE700971B8E /* Sources */,
				31A00DB821368FE700971B8E /* Frameworks */,
				31A00DB921368FE700971B8E /* Resources */,
			);
			buildRules = (
			);
			dependencies = (
			);
			name = central;
			productName = central;
			productReference = 31A00DBB21368FE700971B8E /* central.app */;
			productType = "com.apple.product-type.application";
		};
		31A00DCE21368FE800971B8E /* centralTests */ = {
			isa = PBXNativeTarget;
			buildConfigurationList = 31A00DE621368FE800971B8E /* Build configuration list for PBXNativeTarget "centralTests" */;
			buildPhases = (
				31A00DCB21368FE800971B8E /* Sources */,
				31A00DCC21368FE800971B8E /* Frameworks */,
				31A00DCD21368FE800971B8E /* Resources */,
			);
			buildRules = (
			);
			dependencies = (
				31A00DD121368FE800971B8E /* PBXTargetDependency */,
			);
			name = centralTests;
			productName = centralTests;
			productReference = 31A00DCF21368FE800971B8E /* centralTests.xctest */;
			productType = "com.apple.product-type.bundle.unit-test";
		};
		31A00DD921368FE800971B8E /* centralUITests */ = {
			isa = PBXNativeTarget;
			buildConfigurationList = 31A00DE921368FE800971B8E /* Build configuration list for PBXNativeTarget "centralUITests" */;
			buildPhases = (
				31A00DD621368FE800971B8E /* Sources */,
				31A00DD721368FE800971B8E /* Frameworks */,
				31A00DD821368FE800971B8E /* Resources */,
			);
			buildRules = (
			);
			dependencies = (
				31A00DDC21368FE800971B8E /* PBXTargetDependency */,
			);
			name = centralUITests;
			productName = centralUITests;
			productReference = 31A00DDA21368FE800971B8E /* centralUITests.xctest */;
			productType = "com.apple.product-type.bundle.ui-testing";
		};
/* End PBXNativeTarget section */

/* Begin PBXProject section */
		31A00DB321368FE700971B8E /* Project object */ = {
			isa = PBXProject;
			attributes = {
				LastSwiftUpdateCheck = 0940;
				LastUpgradeCheck = 0940;
				ORGANIZATIONNAME = "ミップ";
				TargetAttributes = {
					31A00DBA21368FE700971B8E = {
						CreatedOnToolsVersion = 9.4.1;
					};
					31A00DCE21368FE800971B8E = {
						CreatedOnToolsVersion = 9.4.1;
						TestTargetID = 31A00DBA21368FE700971B8E;
					};
					31A00DD921368FE800971B8E = {
						CreatedOnToolsVersion = 9.4.1;
						TestTargetID = 31A00DBA21368FE700971B8E;
					};
				};
			};
			buildConfigurationList = 31A00DB621368FE700971B8E /* Build configuration list for PBXProject "central" */;
			compatibilityVersion = "Xcode 9.3";
			developmentRegion = en;
			hasScannedForEncodings = 0;
			knownRegions = (
				en,
				Base,
			);
			mainGroup = 31A00DB221368FE700971B8E;
			productRefGroup = 31A00DBC21368FE700971B8E /* Products */;
			projectDirPath = "";
			projectRoot = "";
			targets = (
				31A00DBA21368FE700971B8E /* central */,
				31A00DCE21368FE800971B8E /* centralTests */,
				31A00DD921368FE800971B8E /* centralUITests */,
			);
		};
/* End PBXProject section */

/* Begin PBXResourcesBuildPhase section */
		31A00DB921368FE700971B8E /* Resources */ = {
			isa = PBXResourcesBuildPhase;
			buildActionMask = 2147483647;
			files = (
				31A00DC921368FE800971B8E /* LaunchScreen.storyboard in Resources */,
				31A00DC621368FE800971B8E /* Assets.xcassets in Resources */,
				31A00DC421368FE700971B8E /* Main.storyboard in Resources */,
			);
			runOnlyForDeploymentPostprocessing = 0;
		};
		31A00DCD21368FE800971B8E /* Resources */ = {
			isa = PBXResourcesBuildPhase;
			buildActionMask = 2147483647;
			files = (
			);
			runOnlyForDeploymentPostprocessing = 0;
		};
		31A00DD821368FE800971B8E /* Resources */ = {
			isa = PBXResourcesBuildPhase;
			buildActionMask = 2147483647;
			files = (
			);
			runOnlyForDeploymentPostprocessing = 0;
		};
/* End PBXResourcesBuildPhase section */

/* Begin PBXSourcesBuildPhase section */
		31A00DB721368FE700971B8E /* Sources */ = {
			isa = PBXSourcesBuildPhase;
			buildActionMask = 2147483647;
			files = (
				318566CE21466754008C0FB6 /* inputname.swift in Sources */,
				31A00DC121368FE700971B8E /* ViewController.swift in Sources */,
				31A00DBF21368FE700971B8E /* AppDelegate.swift in Sources */,
			);
			runOnlyForDeploymentPostprocessing = 0;
		};
		31A00DCB21368FE800971B8E /* Sources */ = {
			isa = PBXSourcesBuildPhase;
			buildActionMask = 2147483647;
			files = (
				31A00DD421368FE800971B8E /* centralTests.swift in Sources */,
			);
			runOnlyForDeploymentPostprocessing = 0;
		};
		31A00DD621368FE800971B8E /* Sources */ = {
			isa = PBXSourcesBuildPhase;
			buildActionMask = 2147483647;
			files = (
				31A00DDF21368FE800971B8E /* centralUITests.swift in Sources */,
			);
			runOnlyForDeploymentPostprocessing = 0;
		};
/* End PBXSourcesBuildPhase section */

/* Begin PBXTargetDependency section */
		31A00DD121368FE800971B8E /* PBXTargetDependency */ = {
			isa = PBXTargetDependency;
			target = 31A00DBA21368FE700971B8E /* central */;
			targetProxy = 31A00DD021368FE800971B8E /* PBXContainerItemProxy */;
		};
		31A00DDC21368FE800971B8E /* PBXTargetDependency */ = {
			isa = PBXTargetDependency;
			target = 31A00DBA21368FE700971B8E /* central */;
			targetProxy = 31A00DDB21368FE800971B8E /* PBXContainerItemProxy */;
		};
/* End PBXTargetDependency section */

/* Begin PBXVariantGroup section */
		31A00DC221368FE700971B8E /* Main.storyboard */ = {
			isa = PBXVariantGroup;
			children = (
				31A00DC321368FE700971B8E /* Base */,
			);
			name = Main.storyboard;
			sourceTree = "<group>";
		};
		31A00DC721368FE800971B8E /* LaunchScreen.storyboard */ = {
			isa = PBXVariantGroup;
			children = (
				31A00DC821368FE800971B8E /* Base */,
			);
			name = LaunchScreen.storyboard;
			sourceTree = "<group>";
		};
/* End PBXVariantGroup section */

/* Begin XCBuildConfiguration section */
		31A00DE121368FE800971B8E /* Debug */ = {
			isa = XCBuildConfiguration;
			buildSettings = {
				ALWAYS_SEARCH_USER_PATHS = NO;
				CLANG_ANALYZER_NONNULL = YES;
				CLANG_ANALYZER_NUMBER_OBJECT_CONVERSION = YES_AGGRESSIVE;
				CLANG_CXX_LANGUAGE_STANDARD = "gnu++14";
				CLANG_CXX_LIBRARY = "libc++";
				CLANG_ENABLE_MODULES = YES;
				CLANG_ENABLE_OBJC_ARC = YES;
				CLANG_ENABLE_OBJC_WEAK = YES;
				CLANG_WARN_BLOCK_CAPTURE_AUTORELEASING = YES;
				CLANG_WARN_BOOL_CONVERSION = YES;
				CLANG_WARN_COMMA = YES;
				CLANG_WARN_CONSTANT_CONVERSION = YES;
				CLANG_WARN_DEPRECATED_OBJC_IMPLEMENTATIONS = YES;
				CLANG_WARN_DIRECT_OBJC_ISA_USAGE = YES_ERROR;
				CLANG_WARN_DOCUMENTATION_COMMENTS = YES;
				CLANG_WARN_EMPTY_BODY = YES;
				CLANG_WARN_ENUM_CONVERSION = YES;
				CLANG_WARN_INFINITE_RECURSION = YES;
				CLANG_WARN_INT_CONVERSION = YES;
				CLANG_WARN_NON_LITERAL_NULL_CONVERSION = YES;
				CLANG_WARN_OBJC_IMPLICIT_RETAIN_SELF = YES;
				CLANG_WARN_OBJC_LITERAL_CONVERSION = YES;
				CLANG_WARN_OBJC_ROOT_CLASS = YES_ERROR;
				CLANG_WARN_RANGE_LOOP_ANALYSIS = YES;
				CLANG_WARN_STRICT_PROTOTYPES = YES;
				CLANG_WARN_SUSPICIOUS_MOVE = YES;
				CLANG_WARN_UNGUARDED_AVAILABILITY = YES_AGGRESSIVE;
				CLANG_WARN_UNREACHABLE_CODE = YES;
				CLANG_WARN__DUPLICATE_METHOD_MATCH = YES;
				CODE_SIGN_IDENTITY = "iPhone Developer";
				COPY_PHASE_STRIP = NO;
				DEBUG_INFORMATION_FORMAT = dwarf;
				ENABLE_STRICT_OBJC_MSGSEND = YES;
				ENABLE_TESTABILITY = YES;
				GCC_C_LANGUAGE_STANDARD = gnu11;
				GCC_DYNAMIC_NO_PIC = NO;
				GCC_NO_COMMON_BLOCKS = YES;
				GCC_OPTIMIZATION_LEVEL = 0;
				GCC_PREPROCESSOR_DEFINITIONS = (
					"DEBUG=1",
					"$(inherited)",
				);
				GCC_WARN_64_TO_32_BIT_CONVERSION = YES;
				GCC_WARN_ABOUT_RETURN_TYPE = YES_ERROR;
				GCC_WARN_UNDECLARED_SELECTOR = YES;
				GCC_WARN_UNINITIALIZED_AUTOS = YES_AGGRESSIVE;
				GCC_WARN_UNUSED_FUNCTION = YES;
				GCC_WARN_UNUSED_VARIABLE = YES;
				IPHONEOS_DEPLOYMENT_TARGET = 11.4;
				MTL_ENABLE_DEBUG_INFO = YES;
				ONLY_ACTIVE_ARCH = YES;
				SDKROOT = iphoneos;
				SWIFT_ACTIVE_COMPILATION_CONDITIONS = DEBUG;
				SWIFT_OPTIMIZATION_LEVEL = "-Onone";
			};
			name = Debug;
		};
		31A00DE221368FE800971B8E /* Release */ = {
			isa = XCBuildConfiguration;
			buildSettings = {
				ALWAYS_SEARCH_USER_PATHS = NO;
				CLANG_ANALYZER_NONNULL = YES;
				CLANG_ANALYZER_NUMBER_OBJECT_CONVERSION = YES_AGGRESSIVE;
				CLANG_CXX_LANGUAGE_STANDARD = "gnu++14";
				CLANG_CXX_LIBRARY = "libc++";
				CLANG_ENABLE_MODULES = YES;
				CLANG_ENABLE_OBJC_ARC = YES;
				CLANG_ENABLE_OBJC_WEAK = YES;
				CLANG_WARN_BLOCK_CAPTURE_AUTORELEASING = YES;
				CLANG_WARN_BOOL_CONVERSION = YES;
				CLANG_WARN_COMMA = YES;
				CLANG_WARN_CONSTANT_CONVERSION = YES;
				CLANG_WARN_DEPRECATED_OBJC_IMPLEMENTATIONS = YES;
				CLANG_WARN_DIRECT_OBJC_ISA_USAGE = YES_ERROR;
				CLANG_WARN_DOCUMENTATION_COMMENTS = YES;
				CLANG_WARN_EMPTY_BODY = YES;
				CLANG_WARN_ENUM_CONVERSION = YES;
				CLANG_WARN_INFINITE_RECURSION = YES;
				CLANG_WARN_INT_CONVERSION = YES;
				CLANG_WARN_NON_LITERAL_NULL_CONVERSION = YES;
				CLANG_WARN_OBJC_IMPLICIT_RETAIN_SELF = YES;
				CLANG_WARN_OBJC_LITERAL_CONVERSION = YES;
				CLANG_WARN_OBJC_ROOT_CLASS = YES_ERROR;
				CLANG_WARN_RANGE_LOOP_ANALYSIS = YES;
				CLANG_WARN_STRICT_PROTOTYPES = YES;
				CLANG_WARN_SUSPICIOUS_MOVE = YES;
				CLANG_WARN_UNGUARDED_AVAILABILITY = YES_AGGRESSIVE;
				CLANG_WARN_UNREACHABLE_CODE = YES;
				CLANG_WARN__DUPLICATE_METHOD_MATCH = YES;
				CODE_SIGN_IDENTITY = "iPhone Developer";
				COPY_PHASE_STRIP = NO;
				DEBUG_INFORMATION_FORMAT = "dwarf-with-dsym";
				ENABLE_NS_ASSERTIONS = NO;
				ENABLE_STRICT_OBJC_MSGSEND = YES;
				GCC_C_LANGUAGE_STANDARD = gnu11;
				GCC_NO_COMMON_BLOCKS = YES;
				GCC_WARN_64_TO_32_BIT_CONVERSION = YES;
				GCC_WARN_ABOUT_RETURN_TYPE = YES_ERROR;
				GCC_WARN_UNDECLARED_SELECTOR = YES;
				GCC_WARN_UNINITIALIZED_AUTOS = YES_AGGRESSIVE;
				GCC_WARN_UNUSED_FUNCTION = YES;
				GCC_WARN_UNUSED_VARIABLE = YES;
				IPHONEOS_DEPLOYMENT_TARGET = 11.4;
				MTL_ENABLE_DEBUG_INFO = NO;
				SDKROOT = iphoneos;
				SWIFT_COMPILATION_MODE = wholemodule;
				SWIFT_OPTIMIZATION_LEVEL = "-O";
				VALIDATE_PRODUCT = YES;
			};
			name = Release;
		};
		31A00DE421368FE800971B8E /* Debug */ = {
			isa = XCBuildConfiguration;
			buildSettings = {
				ASSETCATALOG_COMPILER_APPICON_NAME = AppIcon;
				CODE_SIGN_STYLE = Automatic;
				DEVELOPMENT_TEAM = SJVRLM5J27;
				INFOPLIST_FILE = central/Info.plist;
				LD_RUNPATH_SEARCH_PATHS = (
					"$(inherited)",
					"@executable_path/Frameworks",
				);
				PRODUCT_BUNDLE_IDENTIFIER = jp.techacademy.sekai.ogasawara.central;
				PRODUCT_NAME = "$(TARGET_NAME)";
				SWIFT_VERSION = 4.0;
				TARGETED_DEVICE_FAMILY = "1,2";
			};
			name = Debug;
		};
		31A00DE521368FE800971B8E /* Release */ = {
			isa = XCBuildConfiguration;
			buildSettings = {
				ASSETCATALOG_COMPILER_APPICON_NAME = AppIcon;
				CODE_SIGN_STYLE = Automatic;
				DEVELOPMENT_TEAM = SJVRLM5J27;
				INFOPLIST_FILE = central/Info.plist;
				LD_RUNPATH_SEARCH_PATHS = (
					"$(inherited)",
					"@executable_path/Frameworks",
				);
				PRODUCT_BUNDLE_IDENTIFIER = jp.techacademy.sekai.ogasawara.central;
				PRODUCT_NAME = "$(TARGET_NAME)";
				SWIFT_VERSION = 4.0;
				TARGETED_DEVICE_FAMILY = "1,2";
			};
			name = Release;
		};
		31A00DE721368FE800971B8E /* Debug */ = {
			isa = XCBuildConfiguration;
			buildSettings = {
				ALWAYS_EMBED_SWIFT_STANDARD_LIBRARIES = YES;
				BUNDLE_LOADER = "$(TEST_HOST)";
				CODE_SIGN_STYLE = Automatic;
				INFOPLIST_FILE = centralTests/Info.plist;
				LD_RUNPATH_SEARCH_PATHS = (
					"$(inherited)",
					"@executable_path/Frameworks",
					"@loader_path/Frameworks",
				);
				PRODUCT_BUNDLE_IDENTIFIER = jp.techacademy.sekai.ogasawara.centralTests;
				PRODUCT_NAME = "$(TARGET_NAME)";
				SWIFT_VERSION = 4.0;
				TARGETED_DEVICE_FAMILY = "1,2";
				TEST_HOST = "$(BUILT_PRODUCTS_DIR)/central.app/central";
			};
			name = Debug;
		};
		31A00DE821368FE800971B8E /* Release */ = {
			isa = XCBuildConfiguration;
			buildSettings = {
				ALWAYS_EMBED_SWIFT_STANDARD_LIBRARIES = YES;
				BUNDLE_LOADER = "$(TEST_HOST)";
				CODE_SIGN_STYLE = Automatic;
				INFOPLIST_FILE = centralTests/Info.plist;
				LD_RUNPATH_SEARCH_PATHS = (
					"$(inherited)",
					"@executable_path/Frameworks",
					"@loader_path/Frameworks",
				);
				PRODUCT_BUNDLE_IDENTIFIER = jp.techacademy.sekai.ogasawara.centralTests;
				PRODUCT_NAME = "$(TARGET_NAME)";
				SWIFT_VERSION = 4.0;
				TARGETED_DEVICE_FAMILY = "1,2";
				TEST_HOST = "$(BUILT_PRODUCTS_DIR)/central.app/central";
			};
			name = Release;
		};
		31A00DEA21368FE800971B8E /* Debug */ = {
			isa = XCBuildConfiguration;
			buildSettings = {
				ALWAYS_EMBED_SWIFT_STANDARD_LIBRARIES = YES;
				CODE_SIGN_STYLE = Automatic;
				INFOPLIST_FILE = centralUITests/Info.plist;
				LD_RUNPATH_SEARCH_PATHS = (
					"$(inherited)",
					"@executable_path/Frameworks",
					"@loader_path/Frameworks",
				);
				PRODUCT_BUNDLE_IDENTIFIER = jp.techacademy.sekai.ogasawara.centralUITests;
				PRODUCT_NAME = "$(TARGET_NAME)";
				SWIFT_VERSION = 4.0;
				TARGETED_DEVICE_FAMILY = "1,2";
				TEST_TARGET_NAME = central;
			};
			name = Debug;
		};
		31A00DEB21368FE800971B8E /* Release */ = {
			isa = XCBuildConfiguration;
			buildSettings = {
				ALWAYS_EMBED_SWIFT_STANDARD_LIBRARIES = YES;
				CODE_SIGN_STYLE = Automatic;
				INFOPLIST_FILE = centralUITests/Info.plist;
				LD_RUNPATH_SEARCH_PATHS = (
					"$(inherited)",
					"@executable_path/Frameworks",
					"@loader_path/Frameworks",
				);
				PRODUCT_BUNDLE_IDENTIFIER = jp.techacademy.sekai.ogasawara.centralUITests;
				PRODUCT_NAME = "$(TARGET_NAME)";
				SWIFT_VERSION = 4.0;
				TARGETED_DEVICE_FAMILY = "1,2";
				TEST_TARGET_NAME = central;
			};
			name = Release;
		};
/* End XCBuildConfiguration section */

/* Begin XCConfigurationList section */
		31A00DB621368FE700971B8E /* Build configuration list for PBXProject "central" */ = {
			isa = XCConfigurationList;
			buildConfigurations = (
				31A00DE121368FE800971B8E /* Debug */,
				31A00DE221368FE800971B8E /* Release */,
			);
			defaultConfigurationIsVisible = 0;
			defaultConfigurationName = Release;
		};
		31A00DE321368FE800971B8E /* Build configuration list for PBXNativeTarget "central" */ = {
			isa = XCConfigurationList;
			buildConfigurations = (
				31A00DE421368FE800971B8E /* Debug */,
				31A00DE521368FE800971B8E /* Release */,
			);
			defaultConfigurationIsVisible = 0;
			defaultConfigurationName = Release;
		};
		31A00DE621368FE800971B8E /* Build configuration list for PBXNativeTarget "centralTests" */ = {
			isa = XCConfigurationList;
			buildConfigurations = (
				31A00DE721368FE800971B8E /* Debug */,
				31A00DE821368FE800971B8E /* Release */,
			);
			defaultConfigurationIsVisible = 0;
			defaultConfigurationName = Release;
		};
		31A00DE921368FE800971B8E /* Build configuration list for PBXNativeTarget "centralUITests" */ = {
			isa = XCConfigurationList;
			buildConfigurations = (
				31A00DEA21368FE800971B8E /* Debug */,
				31A00DEB21368FE800971B8E /* Release */,
			);
			defaultConfigurationIsVisible = 0;
			defaultConfigurationName = Release;
		};
/* End XCConfigurationList section */
	};
	rootObject = 31A00DB321368FE700971B8E /* Project object */;
}
